<?xml version="1.0" encoding="utf-8"?>
<Project ToolsVersion="4.0" xmlns="http://schemas.microsoft.com/developer/msbuild/2003">
  <ItemGroup>
    <Filter Include="Source Files">
      <UniqueIdentifier>{4FC737F1-C7A5-4376-A066-2A32D752A2FF}</UniqueIdentifier>
      <Extensions>cpp;c;cc;cxx;c++;cppm;ixx;def;odl;idl;hpj;bat;asm;asmx</Extensions>
    </Filter>
    <Filter Include="Practice Files">
      <UniqueIdentifier>{645b35d8-7164-4fc0-a54e-6b78021510d5}</UniqueIdentifier>
    </Filter>
    <Filter Include="Chapter Files">
      <UniqueIdentifier>{93995380-89BD-4b04-88EB-625FBE52EBFB}</UniqueIdentifier>
      <Extensions>h;hh;hpp;hxx;h++;hm;inl;inc;ipp;xsd</Extensions>
    </Filter>
  </ItemGroup>
  <ItemGroup>
    <ClCompile Include="main.cpp">
      <Filter>Source Files</Filter>
    </ClCompile>
  </ItemGroup>
  <ItemGroup>
    <ClInclude Include="ch1-Classical_Polymorphism_and_Generic_Programming.h">
      <Filter>Chapter Files</Filter>
    </ClInclude>
    <ClInclude Include="ch2-Iterators_and_Ranges.h">
      <Filter>Chapter Files</Filter>
    </ClInclude>
    <ClInclude Include="ch3-The_Iterator-Pair_Algorithms.h">
      <Filter>Chapter Files</Filter>
    </ClInclude>
    <ClInclude Include="ch2-list.h">
      <Filter>Practice Files</Filter>
    </ClInclude>
    <ClInclude Include="ch3-practice.h">
      <Filter>Practice Files</Filter>
    </ClInclude>
    <ClInclude Include="ch4-The_Container_Zoo.h">
      <Filter>Chapter Files</Filter>
    </ClInclude>
    <ClInclude Include="ch5-Vocabulary_Types.h">
      <Filter>Chapter Files</Filter>
    </ClInclude>
    <ClInclude Include="ch6-Smart_Pointers.h">
      <Filter>Chapter Files</Filter>
    </ClInclude>
    <ClInclude Include="ch7-Concurrency.h">
      <Filter>Chapter Files</Filter>
    </ClInclude>
    <ClInclude Include="moduCode_Thread.h">
      <Filter>Practice Files</Filter>
    </ClInclude>
    <ClInclude Include="moduCode_Atomic.h">
      <Filter>Practice Files</Filter>
    </ClInclude>
    <ClInclude Include="moduCode_Sync_and_Async.h">
      <Filter>Practice Files</Filter>
    </ClInclude>
    <ClInclude Include="moduCode_ThreadPool.h">
      <Filter>Practice Files</Filter>
    </ClInclude>
    <ClInclude Include="ch12-Filesystem.h">
      <Filter>Chapter Files</Filter>
    </ClInclude>
    <ClInclude Include="ch11-Random_Numbers.h">
      <Filter>Chapter Files</Filter>
    </ClInclude>
  </ItemGroup>
</Project>